
Microsoft Visual Studio Solution File, Format Version 12.00
# Visual Studio Version 17
VisualStudioVersion = 17.6.33829.357
MinimumVisualStudioVersion = 10.0.40219.1
Project("{FAE04EC0-301F-11D3-BF4B-00C04F79EFBC}") = "SqlFormsApp", "SqlFormsApp\SqlFormsApp.csproj", "{20466EE2-0CED-49BC-BE6F-07395BBEDFD7}"
EndProject
Global
	GlobalSection(SolutionConfigurationPlatforms) = preSolution
		Debug|Any CPU = Debug|Any CPU
		Release|Any CPU = Release|Any CPU
	EndGlobalSection
	GlobalSection(ProjectConfigurationPlatforms) = postSolution
		{20466EE2-0CED-49BC-BE6F-07395BBEDFD7}.Debug|Any CPU.ActiveCfg = Debug|Any CPU
		{20466EE2-0CED-49BC-BE6F-07395BBEDFD7}.Debug|Any CPU.Build.0 = Debug|Any CPU
		{20466EE2-0CED-49BC-BE6F-07395BBEDFD7}.Release|Any CPU.ActiveCfg = Release|Any CPU
		{20466EE2-0CED-49BC-BE6F-07395BBEDFD7}.Release|Any CPU.Build.0 = Release|Any CPU
	EndGlobalSection
	GlobalSection(SolutionProperties) = preSolution
		HideSolutionNode = FALSE
	EndGlobalSection
	GlobalSection(ExtensibilityGlobals) = postSolution
		SolutionGuid = {EF815A1E-C494-4C8B-AF1E-F4B154134562}
	EndGlobalSection
EndGlobal
